
Microsoft Visual Studio Solution File, Format Version 12.00
# Visual Studio 15
VisualStudioVersion = 15.0.26124.0
MinimumVisualStudioVersion = 15.0.26124.0
Project("{FAE04EC0-301F-11D3-BF4B-00C04F79EFBC}") = "MhLabs.Cryptography", "MhLabs.Cryptography\MhLabs.Cryptography.csproj", "{B32D6B93-617E-42CD-82C7-D78064F03686}"
EndProject
Project("{FAE04EC0-301F-11D3-BF4B-00C04F79EFBC}") = "MhLabs.Cryptography.Tests", "MhLabs.Cryptography.Tests\MhLabs.Cryptography.Tests.csproj", "{68C030A5-86D5-421C-9BF3-F6B021B9719A}"
EndProject
Global
	GlobalSection(SolutionConfigurationPlatforms) = preSolution
		Debug|Any CPU = Debug|Any CPU
		Debug|x64 = Debug|x64
		Debug|x86 = Debug|x86
		Release|Any CPU = Release|Any CPU
		Release|x64 = Release|x64
		Release|x86 = Release|x86
	EndGlobalSection
	GlobalSection(SolutionProperties) = preSolution
		HideSolutionNode = FALSE
	EndGlobalSection
	GlobalSection(ProjectConfigurationPlatforms) = postSolution
		{B32D6B93-617E-42CD-82C7-D78064F03686}.Debug|Any CPU.ActiveCfg = Debug|Any CPU
		{B32D6B93-617E-42CD-82C7-D78064F03686}.Debug|Any CPU.Build.0 = Debug|Any CPU
		{B32D6B93-617E-42CD-82C7-D78064F03686}.Debug|x64.ActiveCfg = Debug|Any CPU
		{B32D6B93-617E-42CD-82C7-D78064F03686}.Debug|x64.Build.0 = Debug|Any CPU
		{B32D6B93-617E-42CD-82C7-D78064F03686}.Debug|x86.ActiveCfg = Debug|Any CPU
		{B32D6B93-617E-42CD-82C7-D78064F03686}.Debug|x86.Build.0 = Debug|Any CPU
		{B32D6B93-617E-42CD-82C7-D78064F03686}.Release|Any CPU.ActiveCfg = Release|Any CPU
		{B32D6B93-617E-42CD-82C7-D78064F03686}.Release|Any CPU.Build.0 = Release|Any CPU
		{B32D6B93-617E-42CD-82C7-D78064F03686}.Release|x64.ActiveCfg = Release|Any CPU
		{B32D6B93-617E-42CD-82C7-D78064F03686}.Release|x64.Build.0 = Release|Any CPU
		{B32D6B93-617E-42CD-82C7-D78064F03686}.Release|x86.ActiveCfg = Release|Any CPU
		{B32D6B93-617E-42CD-82C7-D78064F03686}.Release|x86.Build.0 = Release|Any CPU
		{68C030A5-86D5-421C-9BF3-F6B021B9719A}.Debug|Any CPU.ActiveCfg = Debug|Any CPU
		{68C030A5-86D5-421C-9BF3-F6B021B9719A}.Debug|Any CPU.Build.0 = Debug|Any CPU
		{68C030A5-86D5-421C-9BF3-F6B021B9719A}.Debug|x64.ActiveCfg = Debug|Any CPU
		{68C030A5-86D5-421C-9BF3-F6B021B9719A}.Debug|x64.Build.0 = Debug|Any CPU
		{68C030A5-86D5-421C-9BF3-F6B021B9719A}.Debug|x86.ActiveCfg = Debug|Any CPU
		{68C030A5-86D5-421C-9BF3-F6B021B9719A}.Debug|x86.Build.0 = Debug|Any CPU
		{68C030A5-86D5-421C-9BF3-F6B021B9719A}.Release|Any CPU.ActiveCfg = Release|Any CPU
		{68C030A5-86D5-421C-9BF3-F6B021B9719A}.Release|Any CPU.Build.0 = Release|Any CPU
		{68C030A5-86D5-421C-9BF3-F6B021B9719A}.Release|x64.ActiveCfg = Release|Any CPU
		{68C030A5-86D5-421C-9BF3-F6B021B9719A}.Release|x64.Build.0 = Release|Any CPU
		{68C030A5-86D5-421C-9BF3-F6B021B9719A}.Release|x86.ActiveCfg = Release|Any CPU
		{68C030A5-86D5-421C-9BF3-F6B021B9719A}.Release|x86.Build.0 = Release|Any CPU
	EndGlobalSection
EndGlobal
